
Microsoft Visual Studio Solution File, Format Version 12.00
# Visual Studio Version 16
VisualStudioVersion = 16.0.33027.164
MinimumVisualStudioVersion = 10.0.40219.1
Project("{FAE04EC0-301F-11D3-BF4B-00C04F79EFBC}") = "WebApplication1", "WebApplication1\WebApplication1.csproj", "{4A27741A-4F39-428A-96C8-2FCD48110900}"
EndProject
Global
	GlobalSection(SolutionConfigurationPlatforms) = preSolution
		Debug|Any CPU = Debug|Any CPU
		Release|Any CPU = Release|Any CPU
	EndGlobalSection
	GlobalSection(ProjectConfigurationPlatforms) = postSolution
		{4A27741A-4F39-428A-96C8-2FCD48110900}.Debug|Any CPU.ActiveCfg = Debug|Any CPU
		{4A27741A-4F39-428A-96C8-2FCD48110900}.Debug|Any CPU.Build.0 = Debug|Any CPU
		{4A27741A-4F39-428A-96C8-2FCD48110900}.Release|Any CPU.ActiveCfg = Release|Any CPU
		{4A27741A-4F39-428A-96C8-2FCD48110900}.Release|Any CPU.Build.0 = Release|Any CPU
	EndGlobalSection
	GlobalSection(SolutionProperties) = preSolution
		HideSolutionNode = FALSE
	EndGlobalSection
	GlobalSection(ExtensibilityGlobals) = postSolution
		SolutionGuid = {23672E40-80BD-43A8-8CC6-9351960AB961}
	EndGlobalSection
EndGlobal
